
Microsoft Visual Studio Solution File, Format Version 12.00
# Visual Studio Version 16
VisualStudioVersion = 16.0.31729.503
MinimumVisualStudioVersion = 10.0.40219.1
Project("{FAE04EC0-301F-11D3-BF4B-00C04F79EFBC}") = "WhirlClone", "WhirlClone\WhirlClone.csproj", "{C4571184-FB4A-4085-84AF-A9638FF789F7}"
EndProject
Global
	GlobalSection(SolutionConfigurationPlatforms) = preSolution
		Debug|Any CPU = Debug|Any CPU
		Release|Any CPU = Release|Any CPU
	EndGlobalSection
	GlobalSection(ProjectConfigurationPlatforms) = postSolution
		{C4571184-FB4A-4085-84AF-A9638FF789F7}.Debug|Any CPU.ActiveCfg = Debug|Any CPU
		{C4571184-FB4A-4085-84AF-A9638FF789F7}.Debug|Any CPU.Build.0 = Debug|Any CPU
		{C4571184-FB4A-4085-84AF-A9638FF789F7}.Release|Any CPU.ActiveCfg = Release|Any CPU
		{C4571184-FB4A-4085-84AF-A9638FF789F7}.Release|Any CPU.Build.0 = Release|Any CPU
	EndGlobalSection
	GlobalSection(SolutionProperties) = preSolution
		HideSolutionNode = FALSE
	EndGlobalSection
	GlobalSection(ExtensibilityGlobals) = postSolution
		SolutionGuid = {F9F96675-5521-495D-AA11-7887C9609665}
	EndGlobalSection
EndGlobal
